
Microsoft Visual Studio Solution File, Format Version 12.00
# Visual Studio Version 17
VisualStudioVersion = 17.14.37328.6 d17.14
MinimumVisualStudioVersion = 10.0.40219.1
Project("{FAE04EC0-301F-11D3-BF4B-00C04F79EFBC}") = "oop_lab_2", "oop_lab_2.csproj", "{EDA0B15B-3033-4BC0-9E81-24FD02523AED}"
EndProject
Global
	GlobalSection(SolutionConfigurationPlatforms) = preSolution
		Debug|Any CPU = Debug|Any CPU
		Release|Any CPU = Release|Any CPU
	EndGlobalSection
	GlobalSection(ProjectConfigurationPlatforms) = postSolution
		{EDA0B15B-3033-4BC0-9E81-24FD02523AED}.Debug|Any CPU.ActiveCfg = Debug|Any CPU
		{EDA0B15B-3033-4BC0-9E81-24FD02523AED}.Debug|Any CPU.Build.0 = Debug|Any CPU
		{EDA0B15B-3033-4BC0-9E81-24FD02523AED}.Release|Any CPU.ActiveCfg = Release|Any CPU
		{EDA0B15B-3033-4BC0-9E81-24FD02523AED}.Release|Any CPU.Build.0 = Release|Any CPU
	EndGlobalSection
	GlobalSection(SolutionProperties) = preSolution
		HideSolutionNode = FALSE
	EndGlobalSection
	GlobalSection(ExtensibilityGlobals) = postSolution
		SolutionGuid = {FE6BDB31-78A0-46E8-A458-C26D3371189D}
	EndGlobalSection
EndGlobal
